
Microsoft Visual Studio Solution File, Format Version 12.00
# Visual Studio Version 16
VisualStudioVersion = 16.0.31911.196
MinimumVisualStudioVersion = 10.0.40219.1
Project("{FAE04EC0-301F-11D3-BF4B-00C04F79EFBC}") = "Lazarus", "Lazarus\Lazarus.csproj", "{F8DFB6A1-0445-4E90-B10F-230189291402}"
EndProject
Global
	GlobalSection(SolutionConfigurationPlatforms) = preSolution
		Debug|Any CPU = Debug|Any CPU
		Release|Any CPU = Release|Any CPU
	EndGlobalSection
	GlobalSection(ProjectConfigurationPlatforms) = postSolution
		{F8DFB6A1-0445-4E90-B10F-230189291402}.Debug|Any CPU.ActiveCfg = Debug|Any CPU
		{F8DFB6A1-0445-4E90-B10F-230189291402}.Debug|Any CPU.Build.0 = Debug|Any CPU
		{F8DFB6A1-0445-4E90-B10F-230189291402}.Release|Any CPU.ActiveCfg = Release|Any CPU
		{F8DFB6A1-0445-4E90-B10F-230189291402}.Release|Any CPU.Build.0 = Release|Any CPU
	EndGlobalSection
	GlobalSection(SolutionProperties) = preSolution
		HideSolutionNode = FALSE
	EndGlobalSection
	GlobalSection(ExtensibilityGlobals) = postSolution
		SolutionGuid = {280C0ED5-11AF-4D4E-836D-4B1C96782540}
	EndGlobalSection
EndGlobal
